<?xml version="1.0" encoding="utf-8"?>
<Project ToolsVersion="4.0" xmlns="http://schemas.microsoft.com/developer/msbuild/2003">
  <ItemGroup>
    <Filter Include="Header Files">
      <UniqueIdentifier>{93995380-89BD-4b04-88EB-625FBE52EBFB}</UniqueIdentifier>
      <Extensions>h;hh;hpp;hxx;h++;hm;inl;inc;ipp;xsd</Extensions>
    </Filter>
    <Filter Include="Resource Files">
      <UniqueIdentifier>{67DA6AB6-F800-4c08-8B7A-83BB121AAD01}</UniqueIdentifier>
      <Extensions>rc;ico;cur;bmp;dlg;rc2;rct;bin;rgs;gif;jpg;jpeg;jpe;resx;tiff;tif;png;wav;mfcribbon-ms</Extensions>
    </Filter>
    <Filter Include="Game Files">
      <UniqueIdentifier>{4FC737F1-C7A5-4376-A066-2A32D752A2FF}</UniqueIdentifier>
      <Extensions>cpp;c;cc;cxx;c++;cppm;ixx;def;odl;idl;hpj;bat;asm;asmx</Extensions>
    </Filter>
    <Filter Include="Game Files\Commands">
      <UniqueIdentifier>{ae052dcd-9514-40eb-9ccd-3ac13552c18b}</UniqueIdentifier>
    </Filter>
    <Filter Include="Game Files\Events">
      <UniqueIdentifier>{2a2d0c4e-bd6d-4299-81e3-2d3ebcf680a9}</UniqueIdentifier>
    </Filter>
    <Filter Include="Game Files\Player">
      <UniqueIdentifier>{89930e57-ce39-44fc-b861-ebb2f470eb97}</UniqueIdentifier>
    </Filter>
    <Filter Include="Game Files\GridMap">
      <UniqueIdentifier>{43447b1f-3030-47f9-84b6-6120ceadfb89}</UniqueIdentifier>
    </Filter>
    <Filter Include="Game Files\CoinBag">
      <UniqueIdentifier>{390c3a0f-084d-4497-822b-4826afb6a0a8}</UniqueIdentifier>
    </Filter>
    <Filter Include="Game Files\Gems">
      <UniqueIdentifier>{19852d66-6b63-4f7d-8c60-60a1d71df1cf}</UniqueIdentifier>
    </Filter>
    <Filter Include="Game Files\Projectile">
      <UniqueIdentifier>{b3007bd2-9934-4ee6-87ad-3bdb220f4a9e}</UniqueIdentifier>
    </Filter>
    <Filter Include="Game Files\Display">
      <UniqueIdentifier>{5ec21715-ef00-4c75-9f73-6bc5f5d847f0}</UniqueIdentifier>
    </Filter>
  </ItemGroup>
  <ItemGroup>
    <ClCompile Include="main.cpp">
      <Filter>Game Files</Filter>
    </ClCompile>
    <ClCompile Include="DiggerApp.cpp">
      <Filter>Game Files</Filter>
    </ClCompile>
    <ClCompile Include="DiggerCommands.cpp">
      <Filter>Game Files\Commands</Filter>
    </ClCompile>
    <ClCompile Include="GridMapComponent.cpp">
      <Filter>Game Files\GridMap</Filter>
    </ClCompile>
    <ClCompile Include="CoinBagComponent.cpp">
      <Filter>Game Files\CoinBag</Filter>
    </ClCompile>
    <ClCompile Include="CoinBagStates.cpp">
      <Filter>Game Files\CoinBag</Filter>
    </ClCompile>
    <ClCompile Include="PlayerTextureComponent.cpp">
      <Filter>Game Files\Player</Filter>
    </ClCompile>
    <ClCompile Include="CoinBagTextureComponent.cpp">
      <Filter>Game Files\CoinBag</Filter>
    </ClCompile>
    <ClCompile Include="GemComponent.cpp">
      <Filter>Game Files\Gems</Filter>
    </ClCompile>
    <ClCompile Include="ProjectileComponent.cpp">
      <Filter>Game Files\Projectile</Filter>
    </ClCompile>
    <ClCompile Include="ScoreComponent.cpp">
      <Filter>Game Files\Display</Filter>
    </ClCompile>
    <ClCompile Include="PlayerComponent.cpp">
      <Filter>Game Files\Player</Filter>
    </ClCompile>
    <ClCompile Include="LivesComponent.cpp">
      <Filter>Game Files\Display</Filter>
    </ClCompile>
  </ItemGroup>
  <ItemGroup>
    <ClInclude Include="DiggerApp.h">
      <Filter>Game Files</Filter>
    </ClInclude>
    <ClInclude Include="DiggerCommands.h">
      <Filter>Game Files\Commands</Filter>
    </ClInclude>
    <ClInclude Include="GridMapComponent.h">
      <Filter>Game Files\GridMap</Filter>
    </ClInclude>
    <ClInclude Include="CoinBagComponent.h">
      <Filter>Game Files\CoinBag</Filter>
    </ClInclude>
    <ClInclude Include="CoinBagStates.h">
      <Filter>Game Files\CoinBag</Filter>
    </ClInclude>
    <ClInclude Include="..\Minigin\Event.h">
      <Filter>Game Files\Events</Filter>
    </ClInclude>
    <ClInclude Include="PlayerTextureComponent.h">
      <Filter>Game Files\Player</Filter>
    </ClInclude>
    <ClInclude Include="CoinBagTextureComponent.h">
      <Filter>Game Files\CoinBag</Filter>
    </ClInclude>
    <ClInclude Include="GemComponent.h">
      <Filter>Game Files\Gems</Filter>
    </ClInclude>
    <ClInclude Include="ProjectileComponent.h">
      <Filter>Game Files\Projectile</Filter>
    </ClInclude>
    <ClInclude Include="ScoreComponent.h">
      <Filter>Game Files\Display</Filter>
    </ClInclude>
    <ClInclude Include="PlayerComponent.h">
      <Filter>Game Files\Player</Filter>
    </ClInclude>
    <ClInclude Include="LivesComponent.h">
      <Filter>Game Files\Display</Filter>
    </ClInclude>
  </ItemGroup>
</Project>