<?xml version="1.0" encoding="utf-8"?>
<Project ToolsVersion="4.0" xmlns="http://schemas.microsoft.com/developer/msbuild/2003">
  <ItemGroup>
    <Filter Include="Resource Files">
      <UniqueIdentifier>{67DA6AB6-F800-4c08-8B7A-83BB121AAD01}</UniqueIdentifier>
      <Extensions>rc;ico;cur;bmp;dlg;rc2;rct;bin;rgs;gif;jpg;jpeg;jpe;resx;tiff;tif;png;wav;mfcribbon-ms</Extensions>
    </Filter>
    <Filter Include="Engine Files">
      <UniqueIdentifier>{93995380-89BD-4b04-88EB-625FBE52EBFB}</UniqueIdentifier>
      <Extensions>h;hh;hpp;hxx;hm;inl;inc;xsd</Extensions>
    </Filter>
    <Filter Include="Engine Files\Math">
      <UniqueIdentifier>{3ee53423-6485-45d1-920f-c22721374501}</UniqueIdentifier>
    </Filter>
    <Filter Include="Lib Files">
      <UniqueIdentifier>{4FC737F1-C7A5-4376-A066-2A32D752A2FF}</UniqueIdentifier>
      <Extensions>cpp;c;cc;cxx;def;odl;idl;hpj;bat;asm;asmx</Extensions>
    </Filter>
    <Filter Include="Lib Files\Input">
      <UniqueIdentifier>{7f7013d8-d2be-4f19-bdba-aa8a8cc7b096}</UniqueIdentifier>
    </Filter>
    <Filter Include="Lib Files\Components">
      <UniqueIdentifier>{60a5abe8-334f-47f3-bf75-77fc87f821a5}</UniqueIdentifier>
    </Filter>
    <Filter Include="Lib Files\Singletons">
      <UniqueIdentifier>{8bc3589f-37b3-4df7-ae17-33e448b14a84}</UniqueIdentifier>
    </Filter>
    <Filter Include="Lib Files\Event Handling">
      <UniqueIdentifier>{cc7600c7-e5e3-4485-be2b-c56958c8c794}</UniqueIdentifier>
    </Filter>
    <Filter Include="Lib Files\Sound">
      <UniqueIdentifier>{e9e8b07a-c598-45a1-84d3-7173217dda4d}</UniqueIdentifier>
    </Filter>
  </ItemGroup>
  <ItemGroup>
    <ClInclude Include="Transform.h">
      <Filter>Lib Files</Filter>
    </ClInclude>
    <ClInclude Include="Font.h">
      <Filter>Lib Files</Filter>
    </ClInclude>
    <ClInclude Include="GameObject.h">
      <Filter>Lib Files</Filter>
    </ClInclude>
    <ClInclude Include="Minigin.h">
      <Filter>Lib Files</Filter>
    </ClInclude>
    <ClInclude Include="Texture2D.h">
      <Filter>Lib Files</Filter>
    </ClInclude>
    <ClInclude Include="FHTime.h">
      <Filter>Lib Files</Filter>
    </ClInclude>
    <ClInclude Include="Command.h">
      <Filter>Lib Files\Input</Filter>
    </ClInclude>
    <ClInclude Include="InputManager.h">
      <Filter>Lib Files\Input</Filter>
    </ClInclude>
    <ClInclude Include="Action.h">
      <Filter>Lib Files\Input</Filter>
    </ClInclude>
    <ClInclude Include="Controller.h">
      <Filter>Lib Files\Input</Filter>
    </ClInclude>
    <ClInclude Include="InputMapping.h">
      <Filter>Lib Files\Input</Filter>
    </ClInclude>
    <ClInclude Include="BaseInputDevice.h">
      <Filter>Lib Files\Input</Filter>
    </ClInclude>
    <ClInclude Include="XController.h">
      <Filter>Lib Files\Input</Filter>
    </ClInclude>
    <ClInclude Include="Observer.h">
      <Filter>Lib Files\Event Handling</Filter>
    </ClInclude>
    <ClInclude Include="FPSCounter.h">
      <Filter>Lib Files\Components</Filter>
    </ClInclude>
    <ClInclude Include="Component.h">
      <Filter>Lib Files\Components</Filter>
    </ClInclude>
    <ClInclude Include="RotationComponent.h">
      <Filter>Lib Files\Components</Filter>
    </ClInclude>
    <ClInclude Include="TextComponent.h">
      <Filter>Lib Files\Components</Filter>
    </ClInclude>
    <ClInclude Include="TextureComponent.h">
      <Filter>Lib Files\Components</Filter>
    </ClInclude>
    <ClInclude Include="TransformComponent.h">
      <Filter>Lib Files\Components</Filter>
    </ClInclude>
    <ClInclude Include="Renderer.h">
      <Filter>Lib Files\Singletons</Filter>
    </ClInclude>
    <ClInclude Include="ResourceManager.h">
      <Filter>Lib Files\Singletons</Filter>
    </ClInclude>
    <ClInclude Include="SceneManager.h">
      <Filter>Lib Files\Singletons</Filter>
    </ClInclude>
    <ClInclude Include="GeoStructs.h">
      <Filter>Engine Files\Math</Filter>
    </ClInclude>
    <ClInclude Include="GeoUtils.h">
      <Filter>Engine Files\Math</Filter>
    </ClInclude>
    <ClInclude Include="Subject.h">
      <Filter>Lib Files\Event Handling</Filter>
    </ClInclude>
    <ClInclude Include="SoundBase.h">
      <Filter>Lib Files\Sound</Filter>
    </ClInclude>
    <ClInclude Include="SoundSystem.h">
      <Filter>Lib Files\Sound</Filter>
    </ClInclude>
    <ClInclude Include="SoundLocator.h">
      <Filter>Lib Files\Sound</Filter>
    </ClInclude>
    <ClInclude Include="LoggedSoundSystem.h">
      <Filter>Lib Files\Sound</Filter>
    </ClInclude>
    <ClInclude Include="Singleton.h">
      <Filter>Lib Files\Singletons</Filter>
    </ClInclude>
    <ClInclude Include="LiveTextureComponent.h">
      <Filter>Lib Files\Components</Filter>
    </ClInclude>
  </ItemGroup>
  <ItemGroup>
    <ClCompile Include="Texture2D.cpp">
      <Filter>Lib Files</Filter>
    </ClCompile>
    <ClCompile Include="Transform.cpp">
      <Filter>Lib Files</Filter>
    </ClCompile>
    <ClCompile Include="Font.cpp">
      <Filter>Lib Files</Filter>
    </ClCompile>
    <ClCompile Include="Minigin.cpp">
      <Filter>Lib Files</Filter>
    </ClCompile>
    <ClCompile Include="FHTime.cpp">
      <Filter>Lib Files</Filter>
    </ClCompile>
    <ClCompile Include="InputManager.cpp">
      <Filter>Lib Files\Input</Filter>
    </ClCompile>
    <ClCompile Include="Controller.cpp">
      <Filter>Lib Files\Input</Filter>
    </ClCompile>
    <ClCompile Include="InputMapping.cpp">
      <Filter>Lib Files\Input</Filter>
    </ClCompile>
    <ClCompile Include="XController.cpp">
      <Filter>Lib Files\Input</Filter>
    </ClCompile>
    <ClCompile Include="GameObject.cpp">
      <Filter>Lib Files</Filter>
    </ClCompile>
    <ClCompile Include="FPSCounter.cpp">
      <Filter>Lib Files\Components</Filter>
    </ClCompile>
    <ClCompile Include="Component.cpp">
      <Filter>Lib Files\Components</Filter>
    </ClCompile>
    <ClCompile Include="RotationComponent.cpp">
      <Filter>Lib Files\Components</Filter>
    </ClCompile>
    <ClCompile Include="TextComponent.cpp">
      <Filter>Lib Files\Components</Filter>
    </ClCompile>
    <ClCompile Include="TextureComponent.cpp">
      <Filter>Lib Files\Components</Filter>
    </ClCompile>
    <ClCompile Include="TransformComponent.cpp">
      <Filter>Lib Files\Components</Filter>
    </ClCompile>
    <ClCompile Include="Renderer.cpp">
      <Filter>Lib Files\Singletons</Filter>
    </ClCompile>
    <ClCompile Include="ResourceManager.cpp">
      <Filter>Lib Files\Singletons</Filter>
    </ClCompile>
    <ClCompile Include="SceneManager.cpp">
      <Filter>Lib Files\Singletons</Filter>
    </ClCompile>
    <ClCompile Include="GeoUtils.cpp">
      <Filter>Engine Files\Math</Filter>
    </ClCompile>
    <ClCompile Include="Subject.cpp">
      <Filter>Lib Files\Event Handling</Filter>
    </ClCompile>
    <ClCompile Include="SoundSystem.cpp">
      <Filter>Lib Files\Sound</Filter>
    </ClCompile>
    <ClCompile Include="SoundLocator.cpp">
      <Filter>Lib Files\Sound</Filter>
    </ClCompile>
    <ClCompile Include="LoggedSoundSystem.cpp">
      <Filter>Lib Files\Sound</Filter>
    </ClCompile>
    <ClCompile Include="LiveTextureComponent.cpp">
      <Filter>Lib Files\Components</Filter>
    </ClCompile>
  </ItemGroup>
</Project>